<?xml version="1.0" encoding="utf-8"?>
<Project ToolsVersion="4.0" xmlns="http://schemas.microsoft.com/developer/msbuild/2003">
  <ItemGroup>
    <Filter Include="Source Files">
      <UniqueIdentifier>{2e592ca4-719e-4aa8-8f0a-1952e11df8f5}</UniqueIdentifier>
    </Filter>
    <Filter Include="Generated Files">
      <UniqueIdentifier>{5bdf4b9d-9f71-4f4a-bf14-08fcd0369b77}</UniqueIdentifier>
      <SourceControlFiles>False</SourceControlFiles>
    </Filter>
  </ItemGroup>
  <ItemGroup>
    <None Include="BaseAtlComSvcps.def" />
  </ItemGroup>
  <ItemGroup>
    <ClCompile Include="BaseAtlComSvc_i.c">
      <Filter>Generated Files</Filter>
    </ClCompile>
    <ClCompile Include="BaseAtlComSvc_p.c">
      <Filter>Generated Files</Filter>
    </ClCompile>
    <ClCompile Include="dlldata.c">
      <Filter>Generated Files</Filter>
    </ClCompile>
  </ItemGroup>
</Project>